
Microsoft Visual Studio Solution File, Format Version 12.00
# Visual Studio Version 16
VisualStudioVersion = 16.0.30406.217
MinimumVisualStudioVersion = 10.0.40219.1
Project("{FAE04EC0-301F-11D3-BF4B-00C04F79EFBC}") = "TicTacToe-JosefindelaMotte", "TicTacToe-JosefindelaMotte\TicTacToe-JosefindelaMotte.csproj", "{93B75C36-67F8-4A32-8DCC-E2F911EBB77C}"
EndProject
Global
	GlobalSection(SolutionConfigurationPlatforms) = preSolution
		Debug|Any CPU = Debug|Any CPU
		Release|Any CPU = Release|Any CPU
	EndGlobalSection
	GlobalSection(ProjectConfigurationPlatforms) = postSolution
		{93B75C36-67F8-4A32-8DCC-E2F911EBB77C}.Debug|Any CPU.ActiveCfg = Debug|Any CPU
		{93B75C36-67F8-4A32-8DCC-E2F911EBB77C}.Debug|Any CPU.Build.0 = Debug|Any CPU
		{93B75C36-67F8-4A32-8DCC-E2F911EBB77C}.Release|Any CPU.ActiveCfg = Release|Any CPU
		{93B75C36-67F8-4A32-8DCC-E2F911EBB77C}.Release|Any CPU.Build.0 = Release|Any CPU
	EndGlobalSection
	GlobalSection(SolutionProperties) = preSolution
		HideSolutionNode = FALSE
	EndGlobalSection
	GlobalSection(ExtensibilityGlobals) = postSolution
		SolutionGuid = {D8F63F7D-DEB9-4C38-946E-243A88D10151}
	EndGlobalSection
EndGlobal
